
Microsoft Visual Studio Solution File, Format Version 12.00
# Visual Studio 15
VisualStudioVersion = 15.0.28307.271
MinimumVisualStudioVersion = 10.0.40219.1
Project("{FAE04EC0-301F-11D3-BF4B-00C04F79EFBC}") = "EvEESITool", "EvEESIDownloadTool\EvEESITool.csproj", "{E0649EF4-055A-40B5-BCF7-28C62601C593}"
EndProject
Project("{2150E333-8FDC-42A3-9474-1A3956D46DE8}") = "Solution Items", "Solution Items", "{8F3166FF-ECC3-4CB6-BC9D-E6BF7F9535C8}"
	ProjectSection(SolutionItems) = preProject
		LICENSE.txt = LICENSE.txt
		README.md = README.md
	EndProjectSection
EndProject
Project("{FAE04EC0-301F-11D3-BF4B-00C04F79EFBC}") = "ESI.NET", "ESI.NET\ESI.NET.csproj", "{25101339-40B3-407D-A271-BE0F33C76EED}"
EndProject
Global
	GlobalSection(SolutionConfigurationPlatforms) = preSolution
		Debug|Any CPU = Debug|Any CPU
		Release|Any CPU = Release|Any CPU
	EndGlobalSection
	GlobalSection(ProjectConfigurationPlatforms) = postSolution
		{E0649EF4-055A-40B5-BCF7-28C62601C593}.Debug|Any CPU.ActiveCfg = Debug|Any CPU
		{E0649EF4-055A-40B5-BCF7-28C62601C593}.Debug|Any CPU.Build.0 = Debug|Any CPU
		{E0649EF4-055A-40B5-BCF7-28C62601C593}.Release|Any CPU.ActiveCfg = Release|Any CPU
		{E0649EF4-055A-40B5-BCF7-28C62601C593}.Release|Any CPU.Build.0 = Release|Any CPU
		{25101339-40B3-407D-A271-BE0F33C76EED}.Debug|Any CPU.ActiveCfg = Debug|Any CPU
		{25101339-40B3-407D-A271-BE0F33C76EED}.Debug|Any CPU.Build.0 = Debug|Any CPU
		{25101339-40B3-407D-A271-BE0F33C76EED}.Release|Any CPU.ActiveCfg = Release|Any CPU
		{25101339-40B3-407D-A271-BE0F33C76EED}.Release|Any CPU.Build.0 = Release|Any CPU
	EndGlobalSection
	GlobalSection(SolutionProperties) = preSolution
		HideSolutionNode = FALSE
	EndGlobalSection
	GlobalSection(ExtensibilityGlobals) = postSolution
		SolutionGuid = {3B98B806-3411-414C-AA74-56468111761C}
	EndGlobalSection
EndGlobal
