
Microsoft Visual Studio Solution File, Format Version 12.00
# Visual Studio 15
VisualStudioVersion = 15.0.28307.271
MinimumVisualStudioVersion = 10.0.40219.1
Project("{FAE04EC0-301F-11D3-BF4B-00C04F79EFBC}") = "EvEESIDownloadTool", "EvEESIDownloadTool\EvEESIDownloadTool.csproj", "{E0649EF4-055A-40B5-BCF7-28C62601C593}"
EndProject
Global
	GlobalSection(SolutionConfigurationPlatforms) = preSolution
		Debug|Any CPU = Debug|Any CPU
		Release|Any CPU = Release|Any CPU
	EndGlobalSection
	GlobalSection(ProjectConfigurationPlatforms) = postSolution
		{E0649EF4-055A-40B5-BCF7-28C62601C593}.Debug|Any CPU.ActiveCfg = Debug|Any CPU
		{E0649EF4-055A-40B5-BCF7-28C62601C593}.Debug|Any CPU.Build.0 = Debug|Any CPU
		{E0649EF4-055A-40B5-BCF7-28C62601C593}.Release|Any CPU.ActiveCfg = Release|Any CPU
		{E0649EF4-055A-40B5-BCF7-28C62601C593}.Release|Any CPU.Build.0 = Release|Any CPU
	EndGlobalSection
	GlobalSection(SolutionProperties) = preSolution
		HideSolutionNode = FALSE
	EndGlobalSection
	GlobalSection(ExtensibilityGlobals) = postSolution
		SolutionGuid = {3B98B806-3411-414C-AA74-56468111761C}
	EndGlobalSection
EndGlobal
